
Microsoft Visual Studio Solution File, Format Version 12.00
# Visual Studio Version 16
VisualStudioVersion = 16.0.32901.82
MinimumVisualStudioVersion = 10.0.40219.1
Project("{FAE04EC0-301F-11D3-BF4B-00C04F79EFBC}") = "LinqQueryStudy01", "LinqQueryStudy01\LinqQueryStudy01.csproj", "{406C2014-DA8C-4E14-AE67-8A2209320145}"
EndProject
Global
	GlobalSection(SolutionConfigurationPlatforms) = preSolution
		Debug|Any CPU = Debug|Any CPU
		Release|Any CPU = Release|Any CPU
	EndGlobalSection
	GlobalSection(ProjectConfigurationPlatforms) = postSolution
		{406C2014-DA8C-4E14-AE67-8A2209320145}.Debug|Any CPU.ActiveCfg = Debug|Any CPU
		{406C2014-DA8C-4E14-AE67-8A2209320145}.Debug|Any CPU.Build.0 = Debug|Any CPU
		{406C2014-DA8C-4E14-AE67-8A2209320145}.Release|Any CPU.ActiveCfg = Release|Any CPU
		{406C2014-DA8C-4E14-AE67-8A2209320145}.Release|Any CPU.Build.0 = Release|Any CPU
	EndGlobalSection
	GlobalSection(SolutionProperties) = preSolution
		HideSolutionNode = FALSE
	EndGlobalSection
	GlobalSection(ExtensibilityGlobals) = postSolution
		SolutionGuid = {6673A244-8C30-4800-B71F-DA8ADD56EB88}
	EndGlobalSection
EndGlobal
